
Microsoft Visual Studio Solution File, Format Version 12.00
# Visual Studio Version 16
VisualStudioVersion = 16.0.31729.503
MinimumVisualStudioVersion = 10.0.40219.1
Project("{8BC9CEB8-8B4A-11D0-8D11-00A0C91BC942}") = "冯国丞", "冯国丞.vcxproj", "{DCCF790A-4593-425A-B3C3-99366D0E222A}"
EndProject
Global
	GlobalSection(SolutionConfigurationPlatforms) = preSolution
		Debug|x64 = Debug|x64
		Debug|x86 = Debug|x86
		Release|x64 = Release|x64
		Release|x86 = Release|x86
	EndGlobalSection
	GlobalSection(ProjectConfigurationPlatforms) = postSolution
		{DCCF790A-4593-425A-B3C3-99366D0E222A}.Debug|x64.ActiveCfg = Debug|x64
		{DCCF790A-4593-425A-B3C3-99366D0E222A}.Debug|x64.Build.0 = Debug|x64
		{DCCF790A-4593-425A-B3C3-99366D0E222A}.Debug|x86.ActiveCfg = Debug|Win32
		{DCCF790A-4593-425A-B3C3-99366D0E222A}.Debug|x86.Build.0 = Debug|Win32
		{DCCF790A-4593-425A-B3C3-99366D0E222A}.Release|x64.ActiveCfg = Release|x64
		{DCCF790A-4593-425A-B3C3-99366D0E222A}.Release|x64.Build.0 = Release|x64
		{DCCF790A-4593-425A-B3C3-99366D0E222A}.Release|x86.ActiveCfg = Release|Win32
		{DCCF790A-4593-425A-B3C3-99366D0E222A}.Release|x86.Build.0 = Release|Win32
	EndGlobalSection
	GlobalSection(SolutionProperties) = preSolution
		HideSolutionNode = FALSE
	EndGlobalSection
	GlobalSection(ExtensibilityGlobals) = postSolution
		SolutionGuid = {309F986E-CA9D-448F-BEDA-37BA49BACD32}
	EndGlobalSection
EndGlobal
