
Microsoft Visual Studio Solution File, Format Version 12.00
# Visual Studio Version 16
VisualStudioVersion = 16.0.31729.503
MinimumVisualStudioVersion = 10.0.40219.1
Project("{8BC9CEB8-8B4A-11D0-8D11-00A0C91BC942}") = "7.28", "7.28.vcxproj", "{935D6015-7207-4817-9AFF-CC5B8D07883C}"
EndProject
Global
	GlobalSection(SolutionConfigurationPlatforms) = preSolution
		Debug|x64 = Debug|x64
		Debug|x86 = Debug|x86
		Release|x64 = Release|x64
		Release|x86 = Release|x86
	EndGlobalSection
	GlobalSection(ProjectConfigurationPlatforms) = postSolution
		{935D6015-7207-4817-9AFF-CC5B8D07883C}.Debug|x64.ActiveCfg = Debug|x64
		{935D6015-7207-4817-9AFF-CC5B8D07883C}.Debug|x64.Build.0 = Debug|x64
		{935D6015-7207-4817-9AFF-CC5B8D07883C}.Debug|x86.ActiveCfg = Debug|Win32
		{935D6015-7207-4817-9AFF-CC5B8D07883C}.Debug|x86.Build.0 = Debug|Win32
		{935D6015-7207-4817-9AFF-CC5B8D07883C}.Release|x64.ActiveCfg = Release|x64
		{935D6015-7207-4817-9AFF-CC5B8D07883C}.Release|x64.Build.0 = Release|x64
		{935D6015-7207-4817-9AFF-CC5B8D07883C}.Release|x86.ActiveCfg = Release|Win32
		{935D6015-7207-4817-9AFF-CC5B8D07883C}.Release|x86.Build.0 = Release|Win32
	EndGlobalSection
	GlobalSection(SolutionProperties) = preSolution
		HideSolutionNode = FALSE
	EndGlobalSection
	GlobalSection(ExtensibilityGlobals) = postSolution
		SolutionGuid = {11E8FA3F-891B-45AD-A31B-C72861EF5AAF}
	EndGlobalSection
EndGlobal
